
Microsoft Visual Studio Solution File, Format Version 12.00
# Visual Studio Version 16
VisualStudioVersion = 16.0.31702.278
MinimumVisualStudioVersion = 10.0.40219.1
Project("{9A19103F-16F7-4668-BE54-9A1E7A4F7556}") = "GraphAI", "GraphAI.csproj", "{A6EC98EA-8EE0-4EF8-86B4-83C53DE51866}"
EndProject
Global
	GlobalSection(SolutionConfigurationPlatforms) = preSolution
		Debug|Any CPU = Debug|Any CPU
		Release|Any CPU = Release|Any CPU
	EndGlobalSection
	GlobalSection(ProjectConfigurationPlatforms) = postSolution
		{A6EC98EA-8EE0-4EF8-86B4-83C53DE51866}.Debug|Any CPU.ActiveCfg = Debug|Any CPU
		{A6EC98EA-8EE0-4EF8-86B4-83C53DE51866}.Debug|Any CPU.Build.0 = Debug|Any CPU
		{A6EC98EA-8EE0-4EF8-86B4-83C53DE51866}.Release|Any CPU.ActiveCfg = Release|Any CPU
		{A6EC98EA-8EE0-4EF8-86B4-83C53DE51866}.Release|Any CPU.Build.0 = Release|Any CPU
	EndGlobalSection
	GlobalSection(SolutionProperties) = preSolution
		HideSolutionNode = FALSE
	EndGlobalSection
	GlobalSection(ExtensibilityGlobals) = postSolution
		SolutionGuid = {FC56C32C-34D9-48CE-82BA-149874B83C40}
	EndGlobalSection
EndGlobal
